
Microsoft Visual Studio Solution File, Format Version 12.00
# Visual Studio 2012
Project("{FAE04EC0-301F-11D3-BF4B-00C04F79EFBC}") = "JSObjects", "JSObjects\JSObjects.csproj", "{BBC2E17C-CD94-46DD-9F78-3BB2B2D9E21B}"
EndProject
Global
	GlobalSection(SolutionConfigurationPlatforms) = preSolution
		Debug|Any CPU = Debug|Any CPU
		Release|Any CPU = Release|Any CPU
	EndGlobalSection
	GlobalSection(ProjectConfigurationPlatforms) = postSolution
		{BBC2E17C-CD94-46DD-9F78-3BB2B2D9E21B}.Debug|Any CPU.ActiveCfg = Debug|Any CPU
		{BBC2E17C-CD94-46DD-9F78-3BB2B2D9E21B}.Debug|Any CPU.Build.0 = Debug|Any CPU
		{BBC2E17C-CD94-46DD-9F78-3BB2B2D9E21B}.Release|Any CPU.ActiveCfg = Release|Any CPU
		{BBC2E17C-CD94-46DD-9F78-3BB2B2D9E21B}.Release|Any CPU.Build.0 = Release|Any CPU
	EndGlobalSection
	GlobalSection(SolutionProperties) = preSolution
		HideSolutionNode = FALSE
	EndGlobalSection
EndGlobal
